
Microsoft Visual Studio Solution File, Format Version 12.00
# Visual Studio Version 17
VisualStudioVersion = 17.4.33103.184
MinimumVisualStudioVersion = 10.0.40219.1
Project("{9A19103F-16F7-4668-BE54-9A1E7A4F7556}") = "WSys", "WSys.csproj", "{58D3C0FC-D044-4E2C-A6B7-E8E2E3376B0D}"
EndProject
Project("{FAE04EC0-301F-11D3-BF4B-00C04F79EFBC}") = "WebApplication1", "..\WebApplication1\WebApplication1.csproj", "{19301AD2-BF4D-4E18-B020-559C0D5D2071}"
EndProject
Project("{9A19103F-16F7-4668-BE54-9A1E7A4F7556}") = "WebApplication2", "..\WebApplication2\WebApplication2.csproj", "{F2081359-BFF3-4C9A-985E-1A128F95DD2D}"
EndProject
Project("{FAE04EC0-301F-11D3-BF4B-00C04F79EFBC}") = "ConsoleApp2", "..\ConsoleApp2\ConsoleApp2.csproj", "{0D513531-03F8-4B6D-B6A2-92012C5297B4}"
EndProject
Project("{FAE04EC0-301F-11D3-BF4B-00C04F79EFBC}") = "StudyTask", "..\StudyTask\StudyTask.csproj", "{15153F9D-E917-497B-A995-77FD53CF5593}"
EndProject
Project("{FAE04EC0-301F-11D3-BF4B-00C04F79EFBC}") = "Con3", "..\Con3\Con3.csproj", "{ACC16514-D617-4344-A5D0-B4F5E9448F05}"
EndProject
Project("{FAE04EC0-301F-11D3-BF4B-00C04F79EFBC}") = "Common", "..\Common\Common.csproj", "{D28A541D-212D-4911-83F1-BD772EA407A9}"
EndProject
Project("{9A19103F-16F7-4668-BE54-9A1E7A4F7556}") = "DotNetConSys", "..\DotNetConSys\DotNetConSys.csproj", "{A8AF695B-A5F7-4B99-B7E5-6427E740258D}"
EndProject
Project("{9A19103F-16F7-4668-BE54-9A1E7A4F7556}") = "Web", "..\Web\Web.csproj", "{F5E8B53A-A7EF-4850-A583-774B914FBC93}"
EndProject
Project("{9A19103F-16F7-4668-BE54-9A1E7A4F7556}") = "NetCore6", "..\NetCore6\NetCore6.csproj", "{5629D1E7-DF63-46FB-8492-DF77EE1DF471}"
EndProject
Project("{FAE04EC0-301F-11D3-BF4B-00C04F79EFBC}") = "PositiveDirectionServer", "..\PositiveDirectionServer\PositiveDirectionServer.csproj", "{1933EAE0-99FA-4534-934F-DEF3EA5BE792}"
EndProject
Project("{FAE04EC0-301F-11D3-BF4B-00C04F79EFBC}") = "DataHelper", "..\DataHelper\DataHelper.csproj", "{773A988C-E125-48BF-AEE4-810A41BBC2C1}"
EndProject
Project("{FAE04EC0-301F-11D3-BF4B-00C04F79EFBC}") = "WindowsFormsApp1", "..\WindowsFormsApp1\WindowsFormsApp1.csproj", "{259F275A-EBA3-4682-B8A7-B554C0C71EBE}"
EndProject
Project("{FAE04EC0-301F-11D3-BF4B-00C04F79EFBC}") = "WindowsFormsApp2", "..\WindowsFormsApp2\WindowsFormsApp2.csproj", "{D8BFC6CB-D06F-42DB-B836-CEF69E2902F8}"
EndProject
Project("{9A19103F-16F7-4668-BE54-9A1E7A4F7556}") = "ShoppingMallSys", "..\ShoppingMallSys\ShoppingMallSys.csproj", "{54D40818-71A0-476B-9EA1-45D7F2CB6FE1}"
EndProject
Project("{FAE04EC0-301F-11D3-BF4B-00C04F79EFBC}") = "WpfApp2", "..\WpfApp2\WpfApp2.csproj", "{4EE81569-D164-4A54-BC48-6AD47BFD5F9E}"
EndProject
Global
	GlobalSection(SolutionConfigurationPlatforms) = preSolution
		Debug|Any CPU = Debug|Any CPU
		Debug|x64 = Debug|x64
		Debug|x86 = Debug|x86
		Release|Any CPU = Release|Any CPU
		Release|x64 = Release|x64
		Release|x86 = Release|x86
	EndGlobalSection
	GlobalSection(ProjectConfigurationPlatforms) = postSolution
		{58D3C0FC-D044-4E2C-A6B7-E8E2E3376B0D}.Debug|Any CPU.ActiveCfg = Debug|Any CPU
		{58D3C0FC-D044-4E2C-A6B7-E8E2E3376B0D}.Debug|Any CPU.Build.0 = Debug|Any CPU
		{58D3C0FC-D044-4E2C-A6B7-E8E2E3376B0D}.Debug|x64.ActiveCfg = Debug|Any CPU
		{58D3C0FC-D044-4E2C-A6B7-E8E2E3376B0D}.Debug|x64.Build.0 = Debug|Any CPU
		{58D3C0FC-D044-4E2C-A6B7-E8E2E3376B0D}.Debug|x86.ActiveCfg = Debug|Any CPU
		{58D3C0FC-D044-4E2C-A6B7-E8E2E3376B0D}.Debug|x86.Build.0 = Debug|Any CPU
		{58D3C0FC-D044-4E2C-A6B7-E8E2E3376B0D}.Release|Any CPU.ActiveCfg = Release|Any CPU
		{58D3C0FC-D044-4E2C-A6B7-E8E2E3376B0D}.Release|Any CPU.Build.0 = Release|Any CPU
		{58D3C0FC-D044-4E2C-A6B7-E8E2E3376B0D}.Release|x64.ActiveCfg = Release|Any CPU
		{58D3C0FC-D044-4E2C-A6B7-E8E2E3376B0D}.Release|x64.Build.0 = Release|Any CPU
		{58D3C0FC-D044-4E2C-A6B7-E8E2E3376B0D}.Release|x86.ActiveCfg = Release|Any CPU
		{58D3C0FC-D044-4E2C-A6B7-E8E2E3376B0D}.Release|x86.Build.0 = Release|Any CPU
		{19301AD2-BF4D-4E18-B020-559C0D5D2071}.Debug|Any CPU.ActiveCfg = Debug|Any CPU
		{19301AD2-BF4D-4E18-B020-559C0D5D2071}.Debug|Any CPU.Build.0 = Debug|Any CPU
		{19301AD2-BF4D-4E18-B020-559C0D5D2071}.Debug|x64.ActiveCfg = Debug|Any CPU
		{19301AD2-BF4D-4E18-B020-559C0D5D2071}.Debug|x64.Build.0 = Debug|Any CPU
		{19301AD2-BF4D-4E18-B020-559C0D5D2071}.Debug|x86.ActiveCfg = Debug|Any CPU
		{19301AD2-BF4D-4E18-B020-559C0D5D2071}.Debug|x86.Build.0 = Debug|Any CPU
		{19301AD2-BF4D-4E18-B020-559C0D5D2071}.Release|Any CPU.ActiveCfg = Release|Any CPU
		{19301AD2-BF4D-4E18-B020-559C0D5D2071}.Release|Any CPU.Build.0 = Release|Any CPU
		{19301AD2-BF4D-4E18-B020-559C0D5D2071}.Release|x64.ActiveCfg = Release|Any CPU
		{19301AD2-BF4D-4E18-B020-559C0D5D2071}.Release|x64.Build.0 = Release|Any CPU
		{19301AD2-BF4D-4E18-B020-559C0D5D2071}.Release|x86.ActiveCfg = Release|Any CPU
		{19301AD2-BF4D-4E18-B020-559C0D5D2071}.Release|x86.Build.0 = Release|Any CPU
		{F2081359-BFF3-4C9A-985E-1A128F95DD2D}.Debug|Any CPU.ActiveCfg = Debug|Any CPU
		{F2081359-BFF3-4C9A-985E-1A128F95DD2D}.Debug|Any CPU.Build.0 = Debug|Any CPU
		{F2081359-BFF3-4C9A-985E-1A128F95DD2D}.Debug|x64.ActiveCfg = Debug|Any CPU
		{F2081359-BFF3-4C9A-985E-1A128F95DD2D}.Debug|x64.Build.0 = Debug|Any CPU
		{F2081359-BFF3-4C9A-985E-1A128F95DD2D}.Debug|x86.ActiveCfg = Debug|Any CPU
		{F2081359-BFF3-4C9A-985E-1A128F95DD2D}.Debug|x86.Build.0 = Debug|Any CPU
		{F2081359-BFF3-4C9A-985E-1A128F95DD2D}.Release|Any CPU.ActiveCfg = Release|Any CPU
		{F2081359-BFF3-4C9A-985E-1A128F95DD2D}.Release|Any CPU.Build.0 = Release|Any CPU
		{F2081359-BFF3-4C9A-985E-1A128F95DD2D}.Release|x64.ActiveCfg = Release|Any CPU
		{F2081359-BFF3-4C9A-985E-1A128F95DD2D}.Release|x64.Build.0 = Release|Any CPU
		{F2081359-BFF3-4C9A-985E-1A128F95DD2D}.Release|x86.ActiveCfg = Release|Any CPU
		{F2081359-BFF3-4C9A-985E-1A128F95DD2D}.Release|x86.Build.0 = Release|Any CPU
		{0D513531-03F8-4B6D-B6A2-92012C5297B4}.Debug|Any CPU.ActiveCfg = Debug|Any CPU
		{0D513531-03F8-4B6D-B6A2-92012C5297B4}.Debug|Any CPU.Build.0 = Debug|Any CPU
		{0D513531-03F8-4B6D-B6A2-92012C5297B4}.Debug|x64.ActiveCfg = Debug|Any CPU
		{0D513531-03F8-4B6D-B6A2-92012C5297B4}.Debug|x64.Build.0 = Debug|Any CPU
		{0D513531-03F8-4B6D-B6A2-92012C5297B4}.Debug|x86.ActiveCfg = Debug|Any CPU
		{0D513531-03F8-4B6D-B6A2-92012C5297B4}.Debug|x86.Build.0 = Debug|Any CPU
		{0D513531-03F8-4B6D-B6A2-92012C5297B4}.Release|Any CPU.ActiveCfg = Release|Any CPU
		{0D513531-03F8-4B6D-B6A2-92012C5297B4}.Release|Any CPU.Build.0 = Release|Any CPU
		{0D513531-03F8-4B6D-B6A2-92012C5297B4}.Release|x64.ActiveCfg = Release|Any CPU
		{0D513531-03F8-4B6D-B6A2-92012C5297B4}.Release|x64.Build.0 = Release|Any CPU
		{0D513531-03F8-4B6D-B6A2-92012C5297B4}.Release|x86.ActiveCfg = Release|Any CPU
		{0D513531-03F8-4B6D-B6A2-92012C5297B4}.Release|x86.Build.0 = Release|Any CPU
		{15153F9D-E917-497B-A995-77FD53CF5593}.Debug|Any CPU.ActiveCfg = Debug|Any CPU
		{15153F9D-E917-497B-A995-77FD53CF5593}.Debug|Any CPU.Build.0 = Debug|Any CPU
		{15153F9D-E917-497B-A995-77FD53CF5593}.Debug|x64.ActiveCfg = Debug|Any CPU
		{15153F9D-E917-497B-A995-77FD53CF5593}.Debug|x64.Build.0 = Debug|Any CPU
		{15153F9D-E917-497B-A995-77FD53CF5593}.Debug|x86.ActiveCfg = Debug|Any CPU
		{15153F9D-E917-497B-A995-77FD53CF5593}.Debug|x86.Build.0 = Debug|Any CPU
		{15153F9D-E917-497B-A995-77FD53CF5593}.Release|Any CPU.ActiveCfg = Release|Any CPU
		{15153F9D-E917-497B-A995-77FD53CF5593}.Release|Any CPU.Build.0 = Release|Any CPU
		{15153F9D-E917-497B-A995-77FD53CF5593}.Release|x64.ActiveCfg = Release|Any CPU
		{15153F9D-E917-497B-A995-77FD53CF5593}.Release|x64.Build.0 = Release|Any CPU
		{15153F9D-E917-497B-A995-77FD53CF5593}.Release|x86.ActiveCfg = Release|Any CPU
		{15153F9D-E917-497B-A995-77FD53CF5593}.Release|x86.Build.0 = Release|Any CPU
		{ACC16514-D617-4344-A5D0-B4F5E9448F05}.Debug|Any CPU.ActiveCfg = Debug|Any CPU
		{ACC16514-D617-4344-A5D0-B4F5E9448F05}.Debug|Any CPU.Build.0 = Debug|Any CPU
		{ACC16514-D617-4344-A5D0-B4F5E9448F05}.Debug|x64.ActiveCfg = Debug|x64
		{ACC16514-D617-4344-A5D0-B4F5E9448F05}.Debug|x64.Build.0 = Debug|x64
		{ACC16514-D617-4344-A5D0-B4F5E9448F05}.Debug|x86.ActiveCfg = Debug|Any CPU
		{ACC16514-D617-4344-A5D0-B4F5E9448F05}.Debug|x86.Build.0 = Debug|Any CPU
		{ACC16514-D617-4344-A5D0-B4F5E9448F05}.Release|Any CPU.ActiveCfg = Release|Any CPU
		{ACC16514-D617-4344-A5D0-B4F5E9448F05}.Release|Any CPU.Build.0 = Release|Any CPU
		{ACC16514-D617-4344-A5D0-B4F5E9448F05}.Release|x64.ActiveCfg = Release|x64
		{ACC16514-D617-4344-A5D0-B4F5E9448F05}.Release|x64.Build.0 = Release|x64
		{ACC16514-D617-4344-A5D0-B4F5E9448F05}.Release|x86.ActiveCfg = Release|Any CPU
		{ACC16514-D617-4344-A5D0-B4F5E9448F05}.Release|x86.Build.0 = Release|Any CPU
		{D28A541D-212D-4911-83F1-BD772EA407A9}.Debug|Any CPU.ActiveCfg = Debug|Any CPU
		{D28A541D-212D-4911-83F1-BD772EA407A9}.Debug|Any CPU.Build.0 = Debug|Any CPU
		{D28A541D-212D-4911-83F1-BD772EA407A9}.Debug|x64.ActiveCfg = Debug|Any CPU
		{D28A541D-212D-4911-83F1-BD772EA407A9}.Debug|x64.Build.0 = Debug|Any CPU
		{D28A541D-212D-4911-83F1-BD772EA407A9}.Debug|x86.ActiveCfg = Debug|Any CPU
		{D28A541D-212D-4911-83F1-BD772EA407A9}.Debug|x86.Build.0 = Debug|Any CPU
		{D28A541D-212D-4911-83F1-BD772EA407A9}.Release|Any CPU.ActiveCfg = Release|Any CPU
		{D28A541D-212D-4911-83F1-BD772EA407A9}.Release|Any CPU.Build.0 = Release|Any CPU
		{D28A541D-212D-4911-83F1-BD772EA407A9}.Release|x64.ActiveCfg = Release|Any CPU
		{D28A541D-212D-4911-83F1-BD772EA407A9}.Release|x64.Build.0 = Release|Any CPU
		{D28A541D-212D-4911-83F1-BD772EA407A9}.Release|x86.ActiveCfg = Release|Any CPU
		{D28A541D-212D-4911-83F1-BD772EA407A9}.Release|x86.Build.0 = Release|Any CPU
		{A8AF695B-A5F7-4B99-B7E5-6427E740258D}.Debug|Any CPU.ActiveCfg = Debug|Any CPU
		{A8AF695B-A5F7-4B99-B7E5-6427E740258D}.Debug|Any CPU.Build.0 = Debug|Any CPU
		{A8AF695B-A5F7-4B99-B7E5-6427E740258D}.Debug|x64.ActiveCfg = Debug|Any CPU
		{A8AF695B-A5F7-4B99-B7E5-6427E740258D}.Debug|x64.Build.0 = Debug|Any CPU
		{A8AF695B-A5F7-4B99-B7E5-6427E740258D}.Debug|x86.ActiveCfg = Debug|Any CPU
		{A8AF695B-A5F7-4B99-B7E5-6427E740258D}.Debug|x86.Build.0 = Debug|Any CPU
		{A8AF695B-A5F7-4B99-B7E5-6427E740258D}.Release|Any CPU.ActiveCfg = Release|Any CPU
		{A8AF695B-A5F7-4B99-B7E5-6427E740258D}.Release|Any CPU.Build.0 = Release|Any CPU
		{A8AF695B-A5F7-4B99-B7E5-6427E740258D}.Release|x64.ActiveCfg = Release|Any CPU
		{A8AF695B-A5F7-4B99-B7E5-6427E740258D}.Release|x64.Build.0 = Release|Any CPU
		{A8AF695B-A5F7-4B99-B7E5-6427E740258D}.Release|x86.ActiveCfg = Release|Any CPU
		{A8AF695B-A5F7-4B99-B7E5-6427E740258D}.Release|x86.Build.0 = Release|Any CPU
		{F5E8B53A-A7EF-4850-A583-774B914FBC93}.Debug|Any CPU.ActiveCfg = Debug|Any CPU
		{F5E8B53A-A7EF-4850-A583-774B914FBC93}.Debug|Any CPU.Build.0 = Debug|Any CPU
		{F5E8B53A-A7EF-4850-A583-774B914FBC93}.Debug|x64.ActiveCfg = Debug|Any CPU
		{F5E8B53A-A7EF-4850-A583-774B914FBC93}.Debug|x64.Build.0 = Debug|Any CPU
		{F5E8B53A-A7EF-4850-A583-774B914FBC93}.Debug|x86.ActiveCfg = Debug|Any CPU
		{F5E8B53A-A7EF-4850-A583-774B914FBC93}.Debug|x86.Build.0 = Debug|Any CPU
		{F5E8B53A-A7EF-4850-A583-774B914FBC93}.Release|Any CPU.ActiveCfg = Release|Any CPU
		{F5E8B53A-A7EF-4850-A583-774B914FBC93}.Release|Any CPU.Build.0 = Release|Any CPU
		{F5E8B53A-A7EF-4850-A583-774B914FBC93}.Release|x64.ActiveCfg = Release|Any CPU
		{F5E8B53A-A7EF-4850-A583-774B914FBC93}.Release|x64.Build.0 = Release|Any CPU
		{F5E8B53A-A7EF-4850-A583-774B914FBC93}.Release|x86.ActiveCfg = Release|Any CPU
		{F5E8B53A-A7EF-4850-A583-774B914FBC93}.Release|x86.Build.0 = Release|Any CPU
		{5629D1E7-DF63-46FB-8492-DF77EE1DF471}.Debug|Any CPU.ActiveCfg = Debug|Any CPU
		{5629D1E7-DF63-46FB-8492-DF77EE1DF471}.Debug|Any CPU.Build.0 = Debug|Any CPU
		{5629D1E7-DF63-46FB-8492-DF77EE1DF471}.Debug|x64.ActiveCfg = Debug|Any CPU
		{5629D1E7-DF63-46FB-8492-DF77EE1DF471}.Debug|x64.Build.0 = Debug|Any CPU
		{5629D1E7-DF63-46FB-8492-DF77EE1DF471}.Debug|x86.ActiveCfg = Debug|Any CPU
		{5629D1E7-DF63-46FB-8492-DF77EE1DF471}.Debug|x86.Build.0 = Debug|Any CPU
		{5629D1E7-DF63-46FB-8492-DF77EE1DF471}.Release|Any CPU.ActiveCfg = Release|Any CPU
		{5629D1E7-DF63-46FB-8492-DF77EE1DF471}.Release|Any CPU.Build.0 = Release|Any CPU
		{5629D1E7-DF63-46FB-8492-DF77EE1DF471}.Release|x64.ActiveCfg = Release|Any CPU
		{5629D1E7-DF63-46FB-8492-DF77EE1DF471}.Release|x64.Build.0 = Release|Any CPU
		{5629D1E7-DF63-46FB-8492-DF77EE1DF471}.Release|x86.ActiveCfg = Release|Any CPU
		{5629D1E7-DF63-46FB-8492-DF77EE1DF471}.Release|x86.Build.0 = Release|Any CPU
		{1933EAE0-99FA-4534-934F-DEF3EA5BE792}.Debug|Any CPU.ActiveCfg = Debug|Any CPU
		{1933EAE0-99FA-4534-934F-DEF3EA5BE792}.Debug|Any CPU.Build.0 = Debug|Any CPU
		{1933EAE0-99FA-4534-934F-DEF3EA5BE792}.Debug|x64.ActiveCfg = Debug|Any CPU
		{1933EAE0-99FA-4534-934F-DEF3EA5BE792}.Debug|x64.Build.0 = Debug|Any CPU
		{1933EAE0-99FA-4534-934F-DEF3EA5BE792}.Debug|x86.ActiveCfg = Debug|Any CPU
		{1933EAE0-99FA-4534-934F-DEF3EA5BE792}.Debug|x86.Build.0 = Debug|Any CPU
		{1933EAE0-99FA-4534-934F-DEF3EA5BE792}.Release|Any CPU.ActiveCfg = Release|Any CPU
		{1933EAE0-99FA-4534-934F-DEF3EA5BE792}.Release|Any CPU.Build.0 = Release|Any CPU
		{1933EAE0-99FA-4534-934F-DEF3EA5BE792}.Release|x64.ActiveCfg = Release|Any CPU
		{1933EAE0-99FA-4534-934F-DEF3EA5BE792}.Release|x64.Build.0 = Release|Any CPU
		{1933EAE0-99FA-4534-934F-DEF3EA5BE792}.Release|x86.ActiveCfg = Release|Any CPU
		{1933EAE0-99FA-4534-934F-DEF3EA5BE792}.Release|x86.Build.0 = Release|Any CPU
		{773A988C-E125-48BF-AEE4-810A41BBC2C1}.Debug|Any CPU.ActiveCfg = Debug|Any CPU
		{773A988C-E125-48BF-AEE4-810A41BBC2C1}.Debug|Any CPU.Build.0 = Debug|Any CPU
		{773A988C-E125-48BF-AEE4-810A41BBC2C1}.Debug|x64.ActiveCfg = Debug|Any CPU
		{773A988C-E125-48BF-AEE4-810A41BBC2C1}.Debug|x64.Build.0 = Debug|Any CPU
		{773A988C-E125-48BF-AEE4-810A41BBC2C1}.Debug|x86.ActiveCfg = Debug|Any CPU
		{773A988C-E125-48BF-AEE4-810A41BBC2C1}.Debug|x86.Build.0 = Debug|Any CPU
		{773A988C-E125-48BF-AEE4-810A41BBC2C1}.Release|Any CPU.ActiveCfg = Release|Any CPU
		{773A988C-E125-48BF-AEE4-810A41BBC2C1}.Release|Any CPU.Build.0 = Release|Any CPU
		{773A988C-E125-48BF-AEE4-810A41BBC2C1}.Release|x64.ActiveCfg = Release|Any CPU
		{773A988C-E125-48BF-AEE4-810A41BBC2C1}.Release|x64.Build.0 = Release|Any CPU
		{773A988C-E125-48BF-AEE4-810A41BBC2C1}.Release|x86.ActiveCfg = Release|Any CPU
		{773A988C-E125-48BF-AEE4-810A41BBC2C1}.Release|x86.Build.0 = Release|Any CPU
		{259F275A-EBA3-4682-B8A7-B554C0C71EBE}.Debug|Any CPU.ActiveCfg = Debug|Any CPU
		{259F275A-EBA3-4682-B8A7-B554C0C71EBE}.Debug|Any CPU.Build.0 = Debug|Any CPU
		{259F275A-EBA3-4682-B8A7-B554C0C71EBE}.Debug|x64.ActiveCfg = Debug|Any CPU
		{259F275A-EBA3-4682-B8A7-B554C0C71EBE}.Debug|x64.Build.0 = Debug|Any CPU
		{259F275A-EBA3-4682-B8A7-B554C0C71EBE}.Debug|x86.ActiveCfg = Debug|Any CPU
		{259F275A-EBA3-4682-B8A7-B554C0C71EBE}.Debug|x86.Build.0 = Debug|Any CPU
		{259F275A-EBA3-4682-B8A7-B554C0C71EBE}.Release|Any CPU.ActiveCfg = Release|Any CPU
		{259F275A-EBA3-4682-B8A7-B554C0C71EBE}.Release|Any CPU.Build.0 = Release|Any CPU
		{259F275A-EBA3-4682-B8A7-B554C0C71EBE}.Release|x64.ActiveCfg = Release|Any CPU
		{259F275A-EBA3-4682-B8A7-B554C0C71EBE}.Release|x64.Build.0 = Release|Any CPU
		{259F275A-EBA3-4682-B8A7-B554C0C71EBE}.Release|x86.ActiveCfg = Release|Any CPU
		{259F275A-EBA3-4682-B8A7-B554C0C71EBE}.Release|x86.Build.0 = Release|Any CPU
		{D8BFC6CB-D06F-42DB-B836-CEF69E2902F8}.Debug|Any CPU.ActiveCfg = Debug|Any CPU
		{D8BFC6CB-D06F-42DB-B836-CEF69E2902F8}.Debug|Any CPU.Build.0 = Debug|Any CPU
		{D8BFC6CB-D06F-42DB-B836-CEF69E2902F8}.Debug|x64.ActiveCfg = Debug|Any CPU
		{D8BFC6CB-D06F-42DB-B836-CEF69E2902F8}.Debug|x64.Build.0 = Debug|Any CPU
		{D8BFC6CB-D06F-42DB-B836-CEF69E2902F8}.Debug|x86.ActiveCfg = Debug|Any CPU
		{D8BFC6CB-D06F-42DB-B836-CEF69E2902F8}.Debug|x86.Build.0 = Debug|Any CPU
		{D8BFC6CB-D06F-42DB-B836-CEF69E2902F8}.Release|Any CPU.ActiveCfg = Release|Any CPU
		{D8BFC6CB-D06F-42DB-B836-CEF69E2902F8}.Release|Any CPU.Build.0 = Release|Any CPU
		{D8BFC6CB-D06F-42DB-B836-CEF69E2902F8}.Release|x64.ActiveCfg = Release|Any CPU
		{D8BFC6CB-D06F-42DB-B836-CEF69E2902F8}.Release|x64.Build.0 = Release|Any CPU
		{D8BFC6CB-D06F-42DB-B836-CEF69E2902F8}.Release|x86.ActiveCfg = Release|Any CPU
		{D8BFC6CB-D06F-42DB-B836-CEF69E2902F8}.Release|x86.Build.0 = Release|Any CPU
		{54D40818-71A0-476B-9EA1-45D7F2CB6FE1}.Debug|Any CPU.ActiveCfg = Debug|Any CPU
		{54D40818-71A0-476B-9EA1-45D7F2CB6FE1}.Debug|Any CPU.Build.0 = Debug|Any CPU
		{54D40818-71A0-476B-9EA1-45D7F2CB6FE1}.Debug|x64.ActiveCfg = Debug|Any CPU
		{54D40818-71A0-476B-9EA1-45D7F2CB6FE1}.Debug|x64.Build.0 = Debug|Any CPU
		{54D40818-71A0-476B-9EA1-45D7F2CB6FE1}.Debug|x86.ActiveCfg = Debug|Any CPU
		{54D40818-71A0-476B-9EA1-45D7F2CB6FE1}.Debug|x86.Build.0 = Debug|Any CPU
		{54D40818-71A0-476B-9EA1-45D7F2CB6FE1}.Release|Any CPU.ActiveCfg = Release|Any CPU
		{54D40818-71A0-476B-9EA1-45D7F2CB6FE1}.Release|Any CPU.Build.0 = Release|Any CPU
		{54D40818-71A0-476B-9EA1-45D7F2CB6FE1}.Release|x64.ActiveCfg = Release|Any CPU
		{54D40818-71A0-476B-9EA1-45D7F2CB6FE1}.Release|x64.Build.0 = Release|Any CPU
		{54D40818-71A0-476B-9EA1-45D7F2CB6FE1}.Release|x86.ActiveCfg = Release|Any CPU
		{54D40818-71A0-476B-9EA1-45D7F2CB6FE1}.Release|x86.Build.0 = Release|Any CPU
		{4EE81569-D164-4A54-BC48-6AD47BFD5F9E}.Debug|Any CPU.ActiveCfg = Debug|Any CPU
		{4EE81569-D164-4A54-BC48-6AD47BFD5F9E}.Debug|Any CPU.Build.0 = Debug|Any CPU
		{4EE81569-D164-4A54-BC48-6AD47BFD5F9E}.Debug|x64.ActiveCfg = Debug|Any CPU
		{4EE81569-D164-4A54-BC48-6AD47BFD5F9E}.Debug|x64.Build.0 = Debug|Any CPU
		{4EE81569-D164-4A54-BC48-6AD47BFD5F9E}.Debug|x86.ActiveCfg = Debug|Any CPU
		{4EE81569-D164-4A54-BC48-6AD47BFD5F9E}.Debug|x86.Build.0 = Debug|Any CPU
		{4EE81569-D164-4A54-BC48-6AD47BFD5F9E}.Release|Any CPU.ActiveCfg = Release|Any CPU
		{4EE81569-D164-4A54-BC48-6AD47BFD5F9E}.Release|Any CPU.Build.0 = Release|Any CPU
		{4EE81569-D164-4A54-BC48-6AD47BFD5F9E}.Release|x64.ActiveCfg = Release|Any CPU
		{4EE81569-D164-4A54-BC48-6AD47BFD5F9E}.Release|x64.Build.0 = Release|Any CPU
		{4EE81569-D164-4A54-BC48-6AD47BFD5F9E}.Release|x86.ActiveCfg = Release|Any CPU
		{4EE81569-D164-4A54-BC48-6AD47BFD5F9E}.Release|x86.Build.0 = Release|Any CPU
	EndGlobalSection
	GlobalSection(SolutionProperties) = preSolution
		HideSolutionNode = FALSE
	EndGlobalSection
	GlobalSection(ExtensibilityGlobals) = postSolution
		SolutionGuid = {4C29DD62-9790-4CA0-AABB-DA2AF73592EE}
	EndGlobalSection
EndGlobal
