
Microsoft Visual Studio Solution File, Format Version 12.00
# Visual Studio 2013
VisualStudioVersion = 12.0.21005.1
MinimumVisualStudioVersion = 10.0.40219.1
Project("{FAE04EC0-301F-11D3-BF4B-00C04F79EFBC}") = "CLDC_MeterProtocol", "CLDC_MeterProtocol\CLDC_MeterProtocol.csproj", "{5F14E334-1249-4CAA-A83A-78A40E7BDD19}"
EndProject
Project("{FAE04EC0-301F-11D3-BF4B-00C04F79EFBC}") = "CLDC_VerifyAdapter", "CLDC_VerifyAdapter\CLDC_VerifyAdapter.csproj", "{BDEE401E-88BA-46CB-9438-FDF529E2CC2C}"
EndProject
Project("{FAE04EC0-301F-11D3-BF4B-00C04F79EFBC}") = "CLDC_DataCore", "CLDC_DataCore\CLDC_DataCore.csproj", "{20D2784F-DB83-45AA-B9F0-41D0BC951426}"
EndProject
Project("{FAE04EC0-301F-11D3-BF4B-00C04F79EFBC}") = "CLDC_Encryption", "CLDC_Encryption\CLDC_Encryption.csproj", "{8FA9587E-8EBB-4A30-846E-640C9C028D3F}"
EndProject
Project("{FAE04EC0-301F-11D3-BF4B-00C04F79EFBC}") = "CLDC_DeviceDriver", "CLDC_DeviceDriver\CLDC_DeviceDriver.csproj", "{25215A48-58C0-4511-9AEE-3C4A2476D139}"
EndProject
Project("{FAE04EC0-301F-11D3-BF4B-00C04F79EFBC}") = "CLDC_Comm", "CLDC_Comm\CLDC_Comm.csproj", "{E560ABE8-CB10-4C34-BE57-658019CD68DE}"
EndProject
Project("{FAE04EC0-301F-11D3-BF4B-00C04F79EFBC}") = "CLDC_Interfaces", "CLDC_Interfaces\CLDC_Interfaces.csproj", "{AC75B680-4C27-4E85-9B88-4F8B7CEFC5B3}"
EndProject
Project("{FAE04EC0-301F-11D3-BF4B-00C04F79EFBC}") = "CLDC_VerifyClient", "CLDC_VerifyClient\CLDC_VerifyClient.csproj", "{67879EB7-2A27-44A5-92DC-DE8678563B8C}"
EndProject
Project("{FAE04EC0-301F-11D3-BF4B-00C04F79EFBC}") = "CLDC_VerifyServer", "CLDC_VerifyServer\CLDC_VerifyServer.csproj", "{7A858E71-163D-4C78-B5F2-D77C9A862712}"
EndProject
Project("{FAE04EC0-301F-11D3-BF4B-00C04F79EFBC}") = "CLDC_SafeFileProtocol", "CLDC_SafeFileProtocol\CLDC_SafeFileProtocol.csproj", "{6DB189D0-10D1-443D-A4B1-71F5707AF784}"
EndProject
Project("{F088123C-0E9E-452A-89E6-6BA2F21D5CAC}") = "ModelingProject1", "ModelingProject1\ModelingProject1.modelproj", "{17CC8C45-74D3-4548-934B-A6C4D13E020E}"
EndProject
Global
	GlobalSection(SolutionConfigurationPlatforms) = preSolution
		Debug|Any CPU = Debug|Any CPU
		Debug|Itanium = Debug|Itanium
		Debug|Mixed Platforms = Debug|Mixed Platforms
		Debug|x64 = Debug|x64
		Debug|x86 = Debug|x86
		Release|Any CPU = Release|Any CPU
		Release|Itanium = Release|Itanium
		Release|Mixed Platforms = Release|Mixed Platforms
		Release|x64 = Release|x64
		Release|x86 = Release|x86
	EndGlobalSection
	GlobalSection(ProjectConfigurationPlatforms) = postSolution
		{5F14E334-1249-4CAA-A83A-78A40E7BDD19}.Debug|Any CPU.ActiveCfg = Debug|Any CPU
		{5F14E334-1249-4CAA-A83A-78A40E7BDD19}.Debug|Any CPU.Build.0 = Debug|Any CPU
		{5F14E334-1249-4CAA-A83A-78A40E7BDD19}.Debug|Itanium.ActiveCfg = Debug|x64
		{5F14E334-1249-4CAA-A83A-78A40E7BDD19}.Debug|Mixed Platforms.ActiveCfg = Debug|x86
		{5F14E334-1249-4CAA-A83A-78A40E7BDD19}.Debug|Mixed Platforms.Build.0 = Debug|x86
		{5F14E334-1249-4CAA-A83A-78A40E7BDD19}.Debug|x64.ActiveCfg = Debug|x64
		{5F14E334-1249-4CAA-A83A-78A40E7BDD19}.Debug|x64.Build.0 = Debug|x64
		{5F14E334-1249-4CAA-A83A-78A40E7BDD19}.Debug|x86.ActiveCfg = Debug|x86
		{5F14E334-1249-4CAA-A83A-78A40E7BDD19}.Debug|x86.Build.0 = Debug|x86
		{5F14E334-1249-4CAA-A83A-78A40E7BDD19}.Release|Any CPU.ActiveCfg = Release|Any CPU
		{5F14E334-1249-4CAA-A83A-78A40E7BDD19}.Release|Any CPU.Build.0 = Release|Any CPU
		{5F14E334-1249-4CAA-A83A-78A40E7BDD19}.Release|Itanium.ActiveCfg = Release|x64
		{5F14E334-1249-4CAA-A83A-78A40E7BDD19}.Release|Mixed Platforms.ActiveCfg = Release|x86
		{5F14E334-1249-4CAA-A83A-78A40E7BDD19}.Release|Mixed Platforms.Build.0 = Release|x86
		{5F14E334-1249-4CAA-A83A-78A40E7BDD19}.Release|x64.ActiveCfg = Release|x64
		{5F14E334-1249-4CAA-A83A-78A40E7BDD19}.Release|x64.Build.0 = Release|x64
		{5F14E334-1249-4CAA-A83A-78A40E7BDD19}.Release|x86.ActiveCfg = Release|x86
		{BDEE401E-88BA-46CB-9438-FDF529E2CC2C}.Debug|Any CPU.ActiveCfg = Debug|Any CPU
		{BDEE401E-88BA-46CB-9438-FDF529E2CC2C}.Debug|Any CPU.Build.0 = Debug|Any CPU
		{BDEE401E-88BA-46CB-9438-FDF529E2CC2C}.Debug|Itanium.ActiveCfg = Debug|x64
		{BDEE401E-88BA-46CB-9438-FDF529E2CC2C}.Debug|Mixed Platforms.ActiveCfg = Debug|x86
		{BDEE401E-88BA-46CB-9438-FDF529E2CC2C}.Debug|Mixed Platforms.Build.0 = Debug|x86
		{BDEE401E-88BA-46CB-9438-FDF529E2CC2C}.Debug|x64.ActiveCfg = Debug|x64
		{BDEE401E-88BA-46CB-9438-FDF529E2CC2C}.Debug|x64.Build.0 = Debug|x64
		{BDEE401E-88BA-46CB-9438-FDF529E2CC2C}.Debug|x86.ActiveCfg = Debug|x86
		{BDEE401E-88BA-46CB-9438-FDF529E2CC2C}.Debug|x86.Build.0 = Debug|x86
		{BDEE401E-88BA-46CB-9438-FDF529E2CC2C}.Release|Any CPU.ActiveCfg = Release|Any CPU
		{BDEE401E-88BA-46CB-9438-FDF529E2CC2C}.Release|Any CPU.Build.0 = Release|Any CPU
		{BDEE401E-88BA-46CB-9438-FDF529E2CC2C}.Release|Itanium.ActiveCfg = Release|x64
		{BDEE401E-88BA-46CB-9438-FDF529E2CC2C}.Release|Mixed Platforms.ActiveCfg = Release|x86
		{BDEE401E-88BA-46CB-9438-FDF529E2CC2C}.Release|Mixed Platforms.Build.0 = Release|x86
		{BDEE401E-88BA-46CB-9438-FDF529E2CC2C}.Release|x64.ActiveCfg = Release|x64
		{BDEE401E-88BA-46CB-9438-FDF529E2CC2C}.Release|x64.Build.0 = Release|x64
		{BDEE401E-88BA-46CB-9438-FDF529E2CC2C}.Release|x86.ActiveCfg = Release|x86
		{20D2784F-DB83-45AA-B9F0-41D0BC951426}.Debug|Any CPU.ActiveCfg = Debug|Any CPU
		{20D2784F-DB83-45AA-B9F0-41D0BC951426}.Debug|Any CPU.Build.0 = Debug|Any CPU
		{20D2784F-DB83-45AA-B9F0-41D0BC951426}.Debug|Itanium.ActiveCfg = Debug|Any CPU
		{20D2784F-DB83-45AA-B9F0-41D0BC951426}.Debug|Mixed Platforms.ActiveCfg = Debug|x86
		{20D2784F-DB83-45AA-B9F0-41D0BC951426}.Debug|Mixed Platforms.Build.0 = Debug|x86
		{20D2784F-DB83-45AA-B9F0-41D0BC951426}.Debug|x64.ActiveCfg = Debug|Any CPU
		{20D2784F-DB83-45AA-B9F0-41D0BC951426}.Debug|x86.ActiveCfg = Debug|x86
		{20D2784F-DB83-45AA-B9F0-41D0BC951426}.Debug|x86.Build.0 = Debug|x86
		{20D2784F-DB83-45AA-B9F0-41D0BC951426}.Release|Any CPU.ActiveCfg = Release|Any CPU
		{20D2784F-DB83-45AA-B9F0-41D0BC951426}.Release|Any CPU.Build.0 = Release|Any CPU
		{20D2784F-DB83-45AA-B9F0-41D0BC951426}.Release|Itanium.ActiveCfg = Release|Any CPU
		{20D2784F-DB83-45AA-B9F0-41D0BC951426}.Release|Mixed Platforms.ActiveCfg = Release|x86
		{20D2784F-DB83-45AA-B9F0-41D0BC951426}.Release|Mixed Platforms.Build.0 = Release|x86
		{20D2784F-DB83-45AA-B9F0-41D0BC951426}.Release|x64.ActiveCfg = Release|Any CPU
		{20D2784F-DB83-45AA-B9F0-41D0BC951426}.Release|x86.ActiveCfg = Release|x86
		{8FA9587E-8EBB-4A30-846E-640C9C028D3F}.Debug|Any CPU.ActiveCfg = Debug|Any CPU
		{8FA9587E-8EBB-4A30-846E-640C9C028D3F}.Debug|Any CPU.Build.0 = Debug|Any CPU
		{8FA9587E-8EBB-4A30-846E-640C9C028D3F}.Debug|Itanium.ActiveCfg = Debug|Any CPU
		{8FA9587E-8EBB-4A30-846E-640C9C028D3F}.Debug|Mixed Platforms.ActiveCfg = Debug|x86
		{8FA9587E-8EBB-4A30-846E-640C9C028D3F}.Debug|Mixed Platforms.Build.0 = Debug|x86
		{8FA9587E-8EBB-4A30-846E-640C9C028D3F}.Debug|x64.ActiveCfg = Debug|Any CPU
		{8FA9587E-8EBB-4A30-846E-640C9C028D3F}.Debug|x86.ActiveCfg = Debug|x86
		{8FA9587E-8EBB-4A30-846E-640C9C028D3F}.Debug|x86.Build.0 = Debug|x86
		{8FA9587E-8EBB-4A30-846E-640C9C028D3F}.Release|Any CPU.ActiveCfg = Release|Any CPU
		{8FA9587E-8EBB-4A30-846E-640C9C028D3F}.Release|Any CPU.Build.0 = Release|Any CPU
		{8FA9587E-8EBB-4A30-846E-640C9C028D3F}.Release|Itanium.ActiveCfg = Release|Any CPU
		{8FA9587E-8EBB-4A30-846E-640C9C028D3F}.Release|Mixed Platforms.ActiveCfg = Release|x86
		{8FA9587E-8EBB-4A30-846E-640C9C028D3F}.Release|Mixed Platforms.Build.0 = Release|x86
		{8FA9587E-8EBB-4A30-846E-640C9C028D3F}.Release|x64.ActiveCfg = Release|Any CPU
		{8FA9587E-8EBB-4A30-846E-640C9C028D3F}.Release|x86.ActiveCfg = Release|Any CPU
		{25215A48-58C0-4511-9AEE-3C4A2476D139}.Debug|Any CPU.ActiveCfg = Debug|Any CPU
		{25215A48-58C0-4511-9AEE-3C4A2476D139}.Debug|Any CPU.Build.0 = Debug|Any CPU
		{25215A48-58C0-4511-9AEE-3C4A2476D139}.Debug|Itanium.ActiveCfg = Debug|x86
		{25215A48-58C0-4511-9AEE-3C4A2476D139}.Debug|Mixed Platforms.ActiveCfg = Debug|x86
		{25215A48-58C0-4511-9AEE-3C4A2476D139}.Debug|Mixed Platforms.Build.0 = Debug|x86
		{25215A48-58C0-4511-9AEE-3C4A2476D139}.Debug|x64.ActiveCfg = Debug|x64
		{25215A48-58C0-4511-9AEE-3C4A2476D139}.Debug|x64.Build.0 = Debug|x64
		{25215A48-58C0-4511-9AEE-3C4A2476D139}.Debug|x86.ActiveCfg = Debug|x86
		{25215A48-58C0-4511-9AEE-3C4A2476D139}.Debug|x86.Build.0 = Debug|x86
		{25215A48-58C0-4511-9AEE-3C4A2476D139}.Release|Any CPU.ActiveCfg = Release|Any CPU
		{25215A48-58C0-4511-9AEE-3C4A2476D139}.Release|Any CPU.Build.0 = Release|Any CPU
		{25215A48-58C0-4511-9AEE-3C4A2476D139}.Release|Itanium.ActiveCfg = Release|x86
		{25215A48-58C0-4511-9AEE-3C4A2476D139}.Release|Mixed Platforms.ActiveCfg = Release|x86
		{25215A48-58C0-4511-9AEE-3C4A2476D139}.Release|Mixed Platforms.Build.0 = Release|x86
		{25215A48-58C0-4511-9AEE-3C4A2476D139}.Release|x64.ActiveCfg = Release|x64
		{25215A48-58C0-4511-9AEE-3C4A2476D139}.Release|x64.Build.0 = Release|x64
		{25215A48-58C0-4511-9AEE-3C4A2476D139}.Release|x86.ActiveCfg = Release|x86
		{25215A48-58C0-4511-9AEE-3C4A2476D139}.Release|x86.Build.0 = Release|x86
		{E560ABE8-CB10-4C34-BE57-658019CD68DE}.Debug|Any CPU.ActiveCfg = Debug|Any CPU
		{E560ABE8-CB10-4C34-BE57-658019CD68DE}.Debug|Any CPU.Build.0 = Debug|Any CPU
		{E560ABE8-CB10-4C34-BE57-658019CD68DE}.Debug|Itanium.ActiveCfg = Debug|x86
		{E560ABE8-CB10-4C34-BE57-658019CD68DE}.Debug|Mixed Platforms.ActiveCfg = Debug|x86
		{E560ABE8-CB10-4C34-BE57-658019CD68DE}.Debug|Mixed Platforms.Build.0 = Debug|x86
		{E560ABE8-CB10-4C34-BE57-658019CD68DE}.Debug|x64.ActiveCfg = Debug|x64
		{E560ABE8-CB10-4C34-BE57-658019CD68DE}.Debug|x64.Build.0 = Debug|x64
		{E560ABE8-CB10-4C34-BE57-658019CD68DE}.Debug|x86.ActiveCfg = Debug|x86
		{E560ABE8-CB10-4C34-BE57-658019CD68DE}.Debug|x86.Build.0 = Debug|x86
		{E560ABE8-CB10-4C34-BE57-658019CD68DE}.Release|Any CPU.ActiveCfg = Release|Any CPU
		{E560ABE8-CB10-4C34-BE57-658019CD68DE}.Release|Any CPU.Build.0 = Release|Any CPU
		{E560ABE8-CB10-4C34-BE57-658019CD68DE}.Release|Itanium.ActiveCfg = Release|x86
		{E560ABE8-CB10-4C34-BE57-658019CD68DE}.Release|Mixed Platforms.ActiveCfg = Release|x86
		{E560ABE8-CB10-4C34-BE57-658019CD68DE}.Release|Mixed Platforms.Build.0 = Release|x86
		{E560ABE8-CB10-4C34-BE57-658019CD68DE}.Release|x64.ActiveCfg = Release|x64
		{E560ABE8-CB10-4C34-BE57-658019CD68DE}.Release|x64.Build.0 = Release|x64
		{E560ABE8-CB10-4C34-BE57-658019CD68DE}.Release|x86.ActiveCfg = Release|x86
		{E560ABE8-CB10-4C34-BE57-658019CD68DE}.Release|x86.Build.0 = Release|x86
		{AC75B680-4C27-4E85-9B88-4F8B7CEFC5B3}.Debug|Any CPU.ActiveCfg = Debug|Any CPU
		{AC75B680-4C27-4E85-9B88-4F8B7CEFC5B3}.Debug|Any CPU.Build.0 = Debug|Any CPU
		{AC75B680-4C27-4E85-9B88-4F8B7CEFC5B3}.Debug|Itanium.ActiveCfg = Debug|Any CPU
		{AC75B680-4C27-4E85-9B88-4F8B7CEFC5B3}.Debug|Mixed Platforms.ActiveCfg = Debug|x86
		{AC75B680-4C27-4E85-9B88-4F8B7CEFC5B3}.Debug|Mixed Platforms.Build.0 = Debug|x86
		{AC75B680-4C27-4E85-9B88-4F8B7CEFC5B3}.Debug|x64.ActiveCfg = Debug|Any CPU
		{AC75B680-4C27-4E85-9B88-4F8B7CEFC5B3}.Debug|x86.ActiveCfg = Debug|x86
		{AC75B680-4C27-4E85-9B88-4F8B7CEFC5B3}.Debug|x86.Build.0 = Debug|x86
		{AC75B680-4C27-4E85-9B88-4F8B7CEFC5B3}.Release|Any CPU.ActiveCfg = Release|Any CPU
		{AC75B680-4C27-4E85-9B88-4F8B7CEFC5B3}.Release|Any CPU.Build.0 = Release|Any CPU
		{AC75B680-4C27-4E85-9B88-4F8B7CEFC5B3}.Release|Itanium.ActiveCfg = Release|Any CPU
		{AC75B680-4C27-4E85-9B88-4F8B7CEFC5B3}.Release|Mixed Platforms.ActiveCfg = Release|Any CPU
		{AC75B680-4C27-4E85-9B88-4F8B7CEFC5B3}.Release|Mixed Platforms.Build.0 = Release|Any CPU
		{AC75B680-4C27-4E85-9B88-4F8B7CEFC5B3}.Release|x64.ActiveCfg = Release|Any CPU
		{AC75B680-4C27-4E85-9B88-4F8B7CEFC5B3}.Release|x86.ActiveCfg = Release|Any CPU
		{67879EB7-2A27-44A5-92DC-DE8678563B8C}.Debug|Any CPU.ActiveCfg = Debug|Any CPU
		{67879EB7-2A27-44A5-92DC-DE8678563B8C}.Debug|Any CPU.Build.0 = Debug|Any CPU
		{67879EB7-2A27-44A5-92DC-DE8678563B8C}.Debug|Itanium.ActiveCfg = Debug|Any CPU
		{67879EB7-2A27-44A5-92DC-DE8678563B8C}.Debug|Mixed Platforms.ActiveCfg = Debug|x86
		{67879EB7-2A27-44A5-92DC-DE8678563B8C}.Debug|Mixed Platforms.Build.0 = Debug|x86
		{67879EB7-2A27-44A5-92DC-DE8678563B8C}.Debug|x64.ActiveCfg = Debug|Any CPU
		{67879EB7-2A27-44A5-92DC-DE8678563B8C}.Debug|x86.ActiveCfg = Debug|x86
		{67879EB7-2A27-44A5-92DC-DE8678563B8C}.Debug|x86.Build.0 = Debug|x86
		{67879EB7-2A27-44A5-92DC-DE8678563B8C}.Release|Any CPU.ActiveCfg = Release|Any CPU
		{67879EB7-2A27-44A5-92DC-DE8678563B8C}.Release|Any CPU.Build.0 = Release|Any CPU
		{67879EB7-2A27-44A5-92DC-DE8678563B8C}.Release|Itanium.ActiveCfg = Release|Any CPU
		{67879EB7-2A27-44A5-92DC-DE8678563B8C}.Release|Mixed Platforms.ActiveCfg = Release|Any CPU
		{67879EB7-2A27-44A5-92DC-DE8678563B8C}.Release|Mixed Platforms.Build.0 = Release|Any CPU
		{67879EB7-2A27-44A5-92DC-DE8678563B8C}.Release|x64.ActiveCfg = Release|Any CPU
		{67879EB7-2A27-44A5-92DC-DE8678563B8C}.Release|x86.ActiveCfg = Release|Any CPU
		{7A858E71-163D-4C78-B5F2-D77C9A862712}.Debug|Any CPU.ActiveCfg = Debug|Any CPU
		{7A858E71-163D-4C78-B5F2-D77C9A862712}.Debug|Any CPU.Build.0 = Debug|Any CPU
		{7A858E71-163D-4C78-B5F2-D77C9A862712}.Debug|Itanium.ActiveCfg = Debug|Any CPU
		{7A858E71-163D-4C78-B5F2-D77C9A862712}.Debug|Mixed Platforms.ActiveCfg = Debug|x86
		{7A858E71-163D-4C78-B5F2-D77C9A862712}.Debug|Mixed Platforms.Build.0 = Debug|x86
		{7A858E71-163D-4C78-B5F2-D77C9A862712}.Debug|x64.ActiveCfg = Debug|Any CPU
		{7A858E71-163D-4C78-B5F2-D77C9A862712}.Debug|x86.ActiveCfg = Debug|x86
		{7A858E71-163D-4C78-B5F2-D77C9A862712}.Debug|x86.Build.0 = Debug|x86
		{7A858E71-163D-4C78-B5F2-D77C9A862712}.Release|Any CPU.ActiveCfg = Release|Any CPU
		{7A858E71-163D-4C78-B5F2-D77C9A862712}.Release|Any CPU.Build.0 = Release|Any CPU
		{7A858E71-163D-4C78-B5F2-D77C9A862712}.Release|Itanium.ActiveCfg = Release|Any CPU
		{7A858E71-163D-4C78-B5F2-D77C9A862712}.Release|Mixed Platforms.ActiveCfg = Release|Any CPU
		{7A858E71-163D-4C78-B5F2-D77C9A862712}.Release|Mixed Platforms.Build.0 = Release|Any CPU
		{7A858E71-163D-4C78-B5F2-D77C9A862712}.Release|x64.ActiveCfg = Release|Any CPU
		{7A858E71-163D-4C78-B5F2-D77C9A862712}.Release|x86.ActiveCfg = Release|Any CPU
		{6DB189D0-10D1-443D-A4B1-71F5707AF784}.Debug|Any CPU.ActiveCfg = Debug|Any CPU
		{6DB189D0-10D1-443D-A4B1-71F5707AF784}.Debug|Any CPU.Build.0 = Debug|Any CPU
		{6DB189D0-10D1-443D-A4B1-71F5707AF784}.Debug|Itanium.ActiveCfg = Debug|Any CPU
		{6DB189D0-10D1-443D-A4B1-71F5707AF784}.Debug|Itanium.Build.0 = Debug|Any CPU
		{6DB189D0-10D1-443D-A4B1-71F5707AF784}.Debug|Mixed Platforms.ActiveCfg = Debug|x86
		{6DB189D0-10D1-443D-A4B1-71F5707AF784}.Debug|Mixed Platforms.Build.0 = Debug|x86
		{6DB189D0-10D1-443D-A4B1-71F5707AF784}.Debug|x64.ActiveCfg = Debug|Any CPU
		{6DB189D0-10D1-443D-A4B1-71F5707AF784}.Debug|x64.Build.0 = Debug|Any CPU
		{6DB189D0-10D1-443D-A4B1-71F5707AF784}.Debug|x86.ActiveCfg = Debug|x86
		{6DB189D0-10D1-443D-A4B1-71F5707AF784}.Debug|x86.Build.0 = Debug|x86
		{6DB189D0-10D1-443D-A4B1-71F5707AF784}.Release|Any CPU.ActiveCfg = Release|Any CPU
		{6DB189D0-10D1-443D-A4B1-71F5707AF784}.Release|Any CPU.Build.0 = Release|Any CPU
		{6DB189D0-10D1-443D-A4B1-71F5707AF784}.Release|Itanium.ActiveCfg = Release|Any CPU
		{6DB189D0-10D1-443D-A4B1-71F5707AF784}.Release|Itanium.Build.0 = Release|Any CPU
		{6DB189D0-10D1-443D-A4B1-71F5707AF784}.Release|Mixed Platforms.ActiveCfg = Release|Any CPU
		{6DB189D0-10D1-443D-A4B1-71F5707AF784}.Release|Mixed Platforms.Build.0 = Release|Any CPU
		{6DB189D0-10D1-443D-A4B1-71F5707AF784}.Release|x64.ActiveCfg = Release|Any CPU
		{6DB189D0-10D1-443D-A4B1-71F5707AF784}.Release|x64.Build.0 = Release|Any CPU
		{6DB189D0-10D1-443D-A4B1-71F5707AF784}.Release|x86.ActiveCfg = Release|Any CPU
		{6DB189D0-10D1-443D-A4B1-71F5707AF784}.Release|x86.Build.0 = Release|Any CPU
		{17CC8C45-74D3-4548-934B-A6C4D13E020E}.Debug|Any CPU.ActiveCfg = Debug|Any CPU
		{17CC8C45-74D3-4548-934B-A6C4D13E020E}.Debug|Any CPU.Build.0 = Debug|Any CPU
		{17CC8C45-74D3-4548-934B-A6C4D13E020E}.Debug|Itanium.ActiveCfg = Debug|Any CPU
		{17CC8C45-74D3-4548-934B-A6C4D13E020E}.Debug|Mixed Platforms.ActiveCfg = Debug|Any CPU
		{17CC8C45-74D3-4548-934B-A6C4D13E020E}.Debug|Mixed Platforms.Build.0 = Debug|Any CPU
		{17CC8C45-74D3-4548-934B-A6C4D13E020E}.Debug|x64.ActiveCfg = Debug|Any CPU
		{17CC8C45-74D3-4548-934B-A6C4D13E020E}.Debug|x86.ActiveCfg = Debug|Any CPU
		{17CC8C45-74D3-4548-934B-A6C4D13E020E}.Release|Any CPU.ActiveCfg = Release|Any CPU
		{17CC8C45-74D3-4548-934B-A6C4D13E020E}.Release|Any CPU.Build.0 = Release|Any CPU
		{17CC8C45-74D3-4548-934B-A6C4D13E020E}.Release|Itanium.ActiveCfg = Release|Any CPU
		{17CC8C45-74D3-4548-934B-A6C4D13E020E}.Release|Mixed Platforms.ActiveCfg = Release|Any CPU
		{17CC8C45-74D3-4548-934B-A6C4D13E020E}.Release|Mixed Platforms.Build.0 = Release|Any CPU
		{17CC8C45-74D3-4548-934B-A6C4D13E020E}.Release|x64.ActiveCfg = Release|Any CPU
		{17CC8C45-74D3-4548-934B-A6C4D13E020E}.Release|x86.ActiveCfg = Release|Any CPU
	EndGlobalSection
	GlobalSection(SolutionProperties) = preSolution
		HideSolutionNode = FALSE
	EndGlobalSection
EndGlobal
